
Microsoft Visual Studio Solution File, Format Version 12.00
# Visual Studio Version 17
VisualStudioVersion = 17.1.32210.238
MinimumVisualStudioVersion = 10.0.40219.1
Project("{8BC9CEB8-8B4A-11D0-8D11-00A0C91BC942}") = "integral", "integral\integral.vcxproj", "{3D0CE868-2A9F-4C87-83AC-683BF70D4748}"
	ProjectSection(ProjectDependencies) = postProject
		{27FDAD7F-A725-4B62-9C38-FD21E0EDD5C8} = {27FDAD7F-A725-4B62-9C38-FD21E0EDD5C8}
	EndProjectSection
EndProject
Project("{8BC9CEB8-8B4A-11D0-8D11-00A0C91BC942}") = "integral_lib", "integral_lib\integral_lib.vcxproj", "{27FDAD7F-A725-4B62-9C38-FD21E0EDD5C8}"
EndProject
Project("{8BC9CEB8-8B4A-11D0-8D11-00A0C91BC942}") = "gtest", "google test\googletest\build\googletest\gtest.vcxproj", "{A37700C7-FC25-3192-95AD-E177139E01BB}"
EndProject
Project("{8BC9CEB8-8B4A-11D0-8D11-00A0C91BC942}") = "gtest_main", "google test\googletest\build\googletest\gtest_main.vcxproj", "{6253BE20-11E3-376E-B6AE-A136B669878B}"
EndProject
Project("{8BC9CEB8-8B4A-11D0-8D11-00A0C91BC942}") = "tests", "tests\tests.vcxproj", "{46EAF80B-AD42-457C-81A1-265CAD4DA2B5}"
EndProject
Global
	GlobalSection(SolutionConfigurationPlatforms) = preSolution
		Debug|x64 = Debug|x64
		Debug|x86 = Debug|x86
		MinSizeRel|x64 = MinSizeRel|x64
		MinSizeRel|x86 = MinSizeRel|x86
		Release|x64 = Release|x64
		Release|x86 = Release|x86
		RelWithDebInfo|x64 = RelWithDebInfo|x64
		RelWithDebInfo|x86 = RelWithDebInfo|x86
	EndGlobalSection
	GlobalSection(ProjectConfigurationPlatforms) = postSolution
		{3D0CE868-2A9F-4C87-83AC-683BF70D4748}.Debug|x64.ActiveCfg = Debug|x64
		{3D0CE868-2A9F-4C87-83AC-683BF70D4748}.Debug|x64.Build.0 = Debug|x64
		{3D0CE868-2A9F-4C87-83AC-683BF70D4748}.Debug|x86.ActiveCfg = Debug|Win32
		{3D0CE868-2A9F-4C87-83AC-683BF70D4748}.Debug|x86.Build.0 = Debug|Win32
		{3D0CE868-2A9F-4C87-83AC-683BF70D4748}.MinSizeRel|x64.ActiveCfg = Release|x64
		{3D0CE868-2A9F-4C87-83AC-683BF70D4748}.MinSizeRel|x64.Build.0 = Release|x64
		{3D0CE868-2A9F-4C87-83AC-683BF70D4748}.MinSizeRel|x86.ActiveCfg = Release|Win32
		{3D0CE868-2A9F-4C87-83AC-683BF70D4748}.MinSizeRel|x86.Build.0 = Release|Win32
		{3D0CE868-2A9F-4C87-83AC-683BF70D4748}.Release|x64.ActiveCfg = Release|x64
		{3D0CE868-2A9F-4C87-83AC-683BF70D4748}.Release|x64.Build.0 = Release|x64
		{3D0CE868-2A9F-4C87-83AC-683BF70D4748}.Release|x86.ActiveCfg = Release|Win32
		{3D0CE868-2A9F-4C87-83AC-683BF70D4748}.Release|x86.Build.0 = Release|Win32
		{3D0CE868-2A9F-4C87-83AC-683BF70D4748}.RelWithDebInfo|x64.ActiveCfg = Release|x64
		{3D0CE868-2A9F-4C87-83AC-683BF70D4748}.RelWithDebInfo|x64.Build.0 = Release|x64
		{3D0CE868-2A9F-4C87-83AC-683BF70D4748}.RelWithDebInfo|x86.ActiveCfg = Release|Win32
		{3D0CE868-2A9F-4C87-83AC-683BF70D4748}.RelWithDebInfo|x86.Build.0 = Release|Win32
		{27FDAD7F-A725-4B62-9C38-FD21E0EDD5C8}.Debug|x64.ActiveCfg = Debug|x64
		{27FDAD7F-A725-4B62-9C38-FD21E0EDD5C8}.Debug|x64.Build.0 = Debug|x64
		{27FDAD7F-A725-4B62-9C38-FD21E0EDD5C8}.Debug|x86.ActiveCfg = Debug|Win32
		{27FDAD7F-A725-4B62-9C38-FD21E0EDD5C8}.Debug|x86.Build.0 = Debug|Win32
		{27FDAD7F-A725-4B62-9C38-FD21E0EDD5C8}.MinSizeRel|x64.ActiveCfg = Release|x64
		{27FDAD7F-A725-4B62-9C38-FD21E0EDD5C8}.MinSizeRel|x64.Build.0 = Release|x64
		{27FDAD7F-A725-4B62-9C38-FD21E0EDD5C8}.MinSizeRel|x86.ActiveCfg = Release|Win32
		{27FDAD7F-A725-4B62-9C38-FD21E0EDD5C8}.MinSizeRel|x86.Build.0 = Release|Win32
		{27FDAD7F-A725-4B62-9C38-FD21E0EDD5C8}.Release|x64.ActiveCfg = Release|x64
		{27FDAD7F-A725-4B62-9C38-FD21E0EDD5C8}.Release|x64.Build.0 = Release|x64
		{27FDAD7F-A725-4B62-9C38-FD21E0EDD5C8}.Release|x86.ActiveCfg = Release|Win32
		{27FDAD7F-A725-4B62-9C38-FD21E0EDD5C8}.Release|x86.Build.0 = Release|Win32
		{27FDAD7F-A725-4B62-9C38-FD21E0EDD5C8}.RelWithDebInfo|x64.ActiveCfg = Release|x64
		{27FDAD7F-A725-4B62-9C38-FD21E0EDD5C8}.RelWithDebInfo|x64.Build.0 = Release|x64
		{27FDAD7F-A725-4B62-9C38-FD21E0EDD5C8}.RelWithDebInfo|x86.ActiveCfg = Release|Win32
		{27FDAD7F-A725-4B62-9C38-FD21E0EDD5C8}.RelWithDebInfo|x86.Build.0 = Release|Win32
		{A37700C7-FC25-3192-95AD-E177139E01BB}.Debug|x64.ActiveCfg = Debug|x64
		{A37700C7-FC25-3192-95AD-E177139E01BB}.Debug|x64.Build.0 = Debug|x64
		{A37700C7-FC25-3192-95AD-E177139E01BB}.Debug|x86.ActiveCfg = Debug|x64
		{A37700C7-FC25-3192-95AD-E177139E01BB}.Debug|x86.Build.0 = Debug|x64
		{A37700C7-FC25-3192-95AD-E177139E01BB}.MinSizeRel|x64.ActiveCfg = MinSizeRel|x64
		{A37700C7-FC25-3192-95AD-E177139E01BB}.MinSizeRel|x64.Build.0 = MinSizeRel|x64
		{A37700C7-FC25-3192-95AD-E177139E01BB}.MinSizeRel|x86.ActiveCfg = MinSizeRel|x64
		{A37700C7-FC25-3192-95AD-E177139E01BB}.MinSizeRel|x86.Build.0 = MinSizeRel|x64
		{A37700C7-FC25-3192-95AD-E177139E01BB}.Release|x64.ActiveCfg = Release|x64
		{A37700C7-FC25-3192-95AD-E177139E01BB}.Release|x64.Build.0 = Release|x64
		{A37700C7-FC25-3192-95AD-E177139E01BB}.Release|x86.ActiveCfg = Release|x64
		{A37700C7-FC25-3192-95AD-E177139E01BB}.Release|x86.Build.0 = Release|x64
		{A37700C7-FC25-3192-95AD-E177139E01BB}.RelWithDebInfo|x64.ActiveCfg = RelWithDebInfo|x64
		{A37700C7-FC25-3192-95AD-E177139E01BB}.RelWithDebInfo|x64.Build.0 = RelWithDebInfo|x64
		{A37700C7-FC25-3192-95AD-E177139E01BB}.RelWithDebInfo|x86.ActiveCfg = RelWithDebInfo|x64
		{A37700C7-FC25-3192-95AD-E177139E01BB}.RelWithDebInfo|x86.Build.0 = RelWithDebInfo|x64
		{6253BE20-11E3-376E-B6AE-A136B669878B}.Debug|x64.ActiveCfg = Debug|x64
		{6253BE20-11E3-376E-B6AE-A136B669878B}.Debug|x64.Build.0 = Debug|x64
		{6253BE20-11E3-376E-B6AE-A136B669878B}.Debug|x86.ActiveCfg = Debug|x64
		{6253BE20-11E3-376E-B6AE-A136B669878B}.Debug|x86.Build.0 = Debug|x64
		{6253BE20-11E3-376E-B6AE-A136B669878B}.MinSizeRel|x64.ActiveCfg = MinSizeRel|x64
		{6253BE20-11E3-376E-B6AE-A136B669878B}.MinSizeRel|x64.Build.0 = MinSizeRel|x64
		{6253BE20-11E3-376E-B6AE-A136B669878B}.MinSizeRel|x86.ActiveCfg = MinSizeRel|x64
		{6253BE20-11E3-376E-B6AE-A136B669878B}.MinSizeRel|x86.Build.0 = MinSizeRel|x64
		{6253BE20-11E3-376E-B6AE-A136B669878B}.Release|x64.ActiveCfg = Release|x64
		{6253BE20-11E3-376E-B6AE-A136B669878B}.Release|x64.Build.0 = Release|x64
		{6253BE20-11E3-376E-B6AE-A136B669878B}.Release|x86.ActiveCfg = Release|x64
		{6253BE20-11E3-376E-B6AE-A136B669878B}.Release|x86.Build.0 = Release|x64
		{6253BE20-11E3-376E-B6AE-A136B669878B}.RelWithDebInfo|x64.ActiveCfg = RelWithDebInfo|x64
		{6253BE20-11E3-376E-B6AE-A136B669878B}.RelWithDebInfo|x64.Build.0 = RelWithDebInfo|x64
		{6253BE20-11E3-376E-B6AE-A136B669878B}.RelWithDebInfo|x86.ActiveCfg = RelWithDebInfo|x64
		{6253BE20-11E3-376E-B6AE-A136B669878B}.RelWithDebInfo|x86.Build.0 = RelWithDebInfo|x64
		{46EAF80B-AD42-457C-81A1-265CAD4DA2B5}.Debug|x64.ActiveCfg = Debug|x64
		{46EAF80B-AD42-457C-81A1-265CAD4DA2B5}.Debug|x64.Build.0 = Debug|x64
		{46EAF80B-AD42-457C-81A1-265CAD4DA2B5}.Debug|x86.ActiveCfg = Debug|Win32
		{46EAF80B-AD42-457C-81A1-265CAD4DA2B5}.Debug|x86.Build.0 = Debug|Win32
		{46EAF80B-AD42-457C-81A1-265CAD4DA2B5}.MinSizeRel|x64.ActiveCfg = Debug|x64
		{46EAF80B-AD42-457C-81A1-265CAD4DA2B5}.MinSizeRel|x64.Build.0 = Debug|x64
		{46EAF80B-AD42-457C-81A1-265CAD4DA2B5}.MinSizeRel|x86.ActiveCfg = Debug|Win32
		{46EAF80B-AD42-457C-81A1-265CAD4DA2B5}.MinSizeRel|x86.Build.0 = Debug|Win32
		{46EAF80B-AD42-457C-81A1-265CAD4DA2B5}.Release|x64.ActiveCfg = Release|x64
		{46EAF80B-AD42-457C-81A1-265CAD4DA2B5}.Release|x64.Build.0 = Release|x64
		{46EAF80B-AD42-457C-81A1-265CAD4DA2B5}.Release|x86.ActiveCfg = Release|Win32
		{46EAF80B-AD42-457C-81A1-265CAD4DA2B5}.Release|x86.Build.0 = Release|Win32
		{46EAF80B-AD42-457C-81A1-265CAD4DA2B5}.RelWithDebInfo|x64.ActiveCfg = Release|x64
		{46EAF80B-AD42-457C-81A1-265CAD4DA2B5}.RelWithDebInfo|x64.Build.0 = Release|x64
		{46EAF80B-AD42-457C-81A1-265CAD4DA2B5}.RelWithDebInfo|x86.ActiveCfg = Release|Win32
		{46EAF80B-AD42-457C-81A1-265CAD4DA2B5}.RelWithDebInfo|x86.Build.0 = Release|Win32
	EndGlobalSection
	GlobalSection(SolutionProperties) = preSolution
		HideSolutionNode = FALSE
	EndGlobalSection
	GlobalSection(ExtensibilityGlobals) = postSolution
		SolutionGuid = {6BF939D4-C833-4409-8721-88271B0F2CD3}
	EndGlobalSection
EndGlobal
